
Microsoft Visual Studio Solution File, Format Version 12.00
# Visual Studio 2017
Project("{FAE04EC0-301F-11D3-BF4B-00C04F79EFBC}") = "Space Shooter Game", "Space Shooter Game.csproj", "{587B4C55-5AB8-E9DA-4EE5-8F8EB5915B68}"
EndProject
Project("{FAE04EC0-301F-11D3-BF4B-00C04F79EFBC}") = "Space Shooter Game.Editor", "Space Shooter Game.Editor.csproj", "{4812324F-B417-D363-144C-F8036162C92B}"
EndProject
Global
	GlobalSection(SolutionConfigurationPlatforms) = preSolution
		Debug|Any CPU = Debug|Any CPU
		Release|Any CPU = Release|Any CPU
	EndGlobalSection
	GlobalSection(ProjectConfigurationPlatforms) = postSolution
		{587B4C55-5AB8-E9DA-4EE5-8F8EB5915B68}.Debug|Any CPU.ActiveCfg = Debug|Any CPU
		{587B4C55-5AB8-E9DA-4EE5-8F8EB5915B68}.Debug|Any CPU.Build.0 = Debug|Any CPU
		{587B4C55-5AB8-E9DA-4EE5-8F8EB5915B68}.Release|Any CPU.ActiveCfg = Release|Any CPU
		{587B4C55-5AB8-E9DA-4EE5-8F8EB5915B68}.Release|Any CPU.Build.0 = Release|Any CPU
		{4812324F-B417-D363-144C-F8036162C92B}.Debug|Any CPU.ActiveCfg = Debug|Any CPU
		{4812324F-B417-D363-144C-F8036162C92B}.Debug|Any CPU.Build.0 = Debug|Any CPU
		{4812324F-B417-D363-144C-F8036162C92B}.Release|Any CPU.ActiveCfg = Release|Any CPU
		{4812324F-B417-D363-144C-F8036162C92B}.Release|Any CPU.Build.0 = Release|Any CPU
	EndGlobalSection
	GlobalSection(SolutionProperties) = preSolution
		HideSolutionNode = FALSE
	EndGlobalSection
EndGlobal
